// !$*UTF8*$!
{
	archiveVersion = 1;
	classes = {
	};
	objectVersion = 55;
	objects = {

/* Begin PBXBuildFile section */
		5A0E57E127A666BA00EFC59B /* AppDelegate.swift in Sources */ = {isa = PBXBuildFile; fileRef = 5A0E57E027A666BA00EFC59B /* AppDelegate.swift */; };
		5A0E57E327A666BA00EFC59B /* SceneDelegate.swift in Sources */ = {isa = PBXBuildFile; fileRef = 5A0E57E227A666BA00EFC59B /* SceneDelegate.swift */; };
		5A0E57E527A666BA00EFC59B /* ViewController.swift in Sources */ = {isa = PBXBuildFile; fileRef = 5A0E57E427A666BA00EFC59B /* ViewController.swift */; };
		5A0E57E827A666BA00EFC59B /* Main.storyboard in Resources */ = {isa = PBXBuildFile; fileRef = 5A0E57E627A666BA00EFC59B /* Main.storyboard */; };
		5A0E57EA27A666BD00EFC59B /* Assets.xcassets in Resources */ = {isa = PBXBuildFile; fileRef = 5A0E57E927A666BD00EFC59B /* Assets.xcassets */; };
		5A0E57ED27A666BD00EFC59B /* LaunchScreen.storyboard in Resources */ = {isa = PBXBuildFile; fileRef = 5A0E57EB27A666BD00EFC59B /* LaunchScreen.storyboard */; };
		5A0E57F827A666BD00EFC59B /* testProjTests.swift in Sources */ = {isa = PBXBuildFile; fileRef = 5A0E57F727A666BD00EFC59B /* testProjTests.swift */; };
		5A0E580227A666BD00EFC59B /* testProjUITests.swift in Sources */ = {isa = PBXBuildFile; fileRef = 5A0E580127A666BD00EFC59B /* testProjUITests.swift */; };
		5A0E580427A666BD00EFC59B /* testProjUITestsLaunchTests.swift in Sources */ = {isa = PBXBuildFile; fileRef = 5A0E580327A666BD00EFC59B /* testProjUITestsLaunchTests.swift */; };
/* End PBXBuildFile section */

/* Begin PBXContainerItemProxy section */
		5A0E57F427A666BD00EFC59B /* PBXContainerItemProxy */ = {
			isa = PBXContainerItemProxy;
			containerPortal = 5A0E57D527A666BA00EFC59B /* Project object */;
			proxyType = 1;
			remoteGlobalIDString = 5A0E57DC27A666BA00EFC59B;
			remoteInfo = testProj;
		};
		5A0E57FE27A666BD00EFC59B /* PBXContainerItemProxy */ = {
			isa = PBXContainerItemProxy;
			containerPortal = 5A0E57D527A666BA00EFC59B /* Project object */;
			proxyType = 1;
			remoteGlobalIDString = 5A0E57DC27A666BA00EFC59B;
			remoteInfo = testProj;
		};
/* End PBXContainerItemProxy section */

/* Begin PBXFileReference section */
		5A0E57DD27A666BA00EFC59B /* testProj.app */ = {isa = PBXFileReference; explicitFileType = wrapper.application; includeInIndex = 0; path = testProj.app; sourceTree = BUILT_PRODUCTS_DIR; };
		5A0E57E027A666BA00EFC59B /* AppDelegate.swift */ = {isa = PBXFileReference; lastKnownFileType = sourcecode.swift; path = AppDelegate.swift; sourceTree = "<group>"; };
		5A0E57E227A666BA00EFC59B /* SceneDelegate.swift */ = {isa = PBXFileReference; lastKnownFileType = sourcecode.swift; path = SceneDelegate.swift; sourceTree = "<group>"; };
		5A0E57E427A666BA00EFC59B /* ViewController.swift */ = {isa = PBXFileReference; lastKnownFileType = sourcecode.swift; path = ViewController.swift; sourceTree = "<group>"; };
		5A0E57E727A666BA00EFC59B /* Base */ = {isa = PBXFileReference; lastKnownFileType = file.storyboard; name = Base; path = Base.lproj/Main.storyboard; sourceTree = "<group>"; };
		5A0E57E927A666BD00EFC59B /* Assets.xcassets */ = {isa = PBXFileReference; lastKnownFileType = folder.assetcatalog; path = Assets.xcassets; sourceTree = "<group>"; };
		5A0E57EC27A666BD00EFC59B /* Base */ = {isa = PBXFileReference; lastKnownFileType = file.storyboard; name = Base; path = Base.lproj/LaunchScreen.storyboard; sourceTree = "<group>"; };
		5A0E57EE27A666BD00EFC59B /* Info.plist */ = {isa = PBXFileReference; lastKnownFileType = text.plist.xml; path = Info.plist; sourceTree = "<group>"; };
		5A0E57F327A666BD00EFC59B /* testProjTests.xctest */ = {isa = PBXFileReference; explicitFileType = wrapper.cfbundle; includeInIndex = 0; path = testProjTests.xctest; sourceTree = BUILT_PRODUCTS_DIR; };
		5A0E57F727A666BD00EFC59B /* testProjTests.swift */ = {isa = PBXFileReference; lastKnownFileType = sourcecode.swift; path = testProjTests.swift; sourceTree = "<group>"; };
		5A0E57FD27A666BD00EFC59B /* testProjUITests.xctest */ = {isa = PBXFileReference; explicitFileType = wrapper.cfbundle; includeInIndex = 0; path = testProjUITests.xctest; sourceTree = BUILT_PRODUCTS_DIR; };
		5A0E580127A666BD00EFC59B /* testProjUITests.swift */ = {isa = PBXFileReference; lastKnownFileType = sourcecode.swift; path = testProjUITests.swift; sourceTree = "<group>"; };
		5A0E580327A666BD00EFC59B /* testProjUITestsLaunchTests.swift */ = {isa = PBXFileReference; lastKnownFileType = sourcecode.swift; path = testProjUITestsLaunchTests.swift; sourceTree = "<group>"; };
/* End PBXFileReference section */

/* Begin PBXFrameworksBuildPhase section */
		5A0E57DA27A666BA00EFC59B /* Frameworks */ = {
			isa = PBXFrameworksBuildPhase;
			buildActionMask = 2147483647;
			files = (
			);
			runOnlyForDeploymentPostprocessing = 0;
		};
		5A0E57F027A666BD00EFC59B /* Frameworks */ = {
			isa = PBXFrameworksBuildPhase;
			buildActionMask = 2147483647;
			files = (
			);
			runOnlyForDeploymentPostprocessing = 0;
		};
		5A0E57FA27A666BD00EFC59B /* Frameworks */ = {
			isa = PBXFrameworksBuildPhase;
			buildActionMask = 2147483647;
			files = (
			);
			runOnlyForDeploymentPostprocessing = 0;
		};
/* End PBXFrameworksBuildPhase section */

/* Begin PBXGroup section */
		5A0E57D427A666BA00EFC59B = {
			isa = PBXGroup;
			children = (
				5A0E57DF27A666BA00EFC59B /* testProj */,
				5A0E57F627A666BD00EFC59B /* testProjTests */,
				5A0E580027A666BD00EFC59B /* testProjUITests */,
				5A0E57DE27A666BA00EFC59B /* Products */,
			);
			sourceTree = "<group>";
		};
		5A0E57DE27A666BA00EFC59B /* Products */ = {
			isa = PBXGroup;
			children = (
				5A0E57DD27A666BA00EFC59B /* testProj.app */,
				5A0E57F327A666BD00EFC59B /* testProjTests.xctest */,
				5A0E57FD27A666BD00EFC59B /* testProjUITests.xctest */,
			);
			name = Products;
			sourceTree = "<group>";
		};
		5A0E57DF27A666BA00EFC59B /* testProj */ = {
			isa = PBXGroup;
			children = (
				5A0E57E027A666BA00EFC59B /* AppDelegate.swift */,
				5A0E57E227A666BA00EFC59B /* SceneDelegate.swift */,
				5A0E57E427A666BA00EFC59B /* ViewController.swift */,
				5A0E57E627A666BA00EFC59B /* Main.storyboard */,
				5A0E57E927A666BD00EFC59B /* Assets.xcassets */,
				5A0E57EB27A666BD00EFC59B /* LaunchScreen.storyboard */,
				5A0E57EE27A666BD00EFC59B /* Info.plist */,
			);
			path = testProj;
			sourceTree = "<group>";
		};
		5A0E57F627A666BD00EFC59B /* testProjTests */ = {
			isa = PBXGroup;
			children = (
				5A0E57F727A666BD00EFC59B /* testProjTests.swift */,
			);
			path = testProjTests;
			sourceTree = "<group>";
		};
		5A0E580027A666BD00EFC59B /* testProjUITests */ = {
			isa = PBXGroup;
			children = (
				5A0E580127A666BD00EFC59B /* testProjUITests.swift */,
				5A0E580327A666BD00EFC59B /* testProjUITestsLaunchTests.swift */,
			);
			path = testProjUITests;
			sourceTree = "<group>";
		};
/* End PBXGroup section */

/* Begin PBXNativeTarget section */
		5A0E57DC27A666BA00EFC59B /* testProj */ = {
			isa = PBXNativeTarget;
			buildConfigurationList = 5A0E580727A666BD00EFC59B /* Build configuration list for PBXNativeTarget "testProj" */;
			buildPhases = (
				5A0E57D927A666BA00EFC59B /* Sources */,
				5A0E57DA27A666BA00EFC59B /* Frameworks */,
				5A0E57DB27A666BA00EFC59B /* Resources */,
			);
			buildRules = (
			);
			dependencies = (
			);
			name = testProj;
			productName = testProj;
			productReference = 5A0E57DD27A666BA00EFC59B /* testProj.app */;
			productType = "com.apple.product-type.application";
		};
		5A0E57F227A666BD00EFC59B /* testProjTests */ = {
			isa = PBXNativeTarget;
			buildConfigurationList = 5A0E580A27A666BD00EFC59B /* Build configuration list for PBXNativeTarget "testProjTests" */;
			buildPhases = (
				5A0E57EF27A666BD00EFC59B /* Sources */,
				5A0E57F027A666BD00EFC59B /* Frameworks */,
				5A0E57F127A666BD00EFC59B /* Resources */,
			);
			buildRules = (
			);
			dependencies = (
				5A0E57F527A666BD00EFC59B /* PBXTargetDependency */,
			);
			name = testProjTests;
			productName = testProjTests;
			productReference = 5A0E57F327A666BD00EFC59B /* testProjTests.xctest */;
			productType = "com.apple.product-type.bundle.unit-test";
		};
		5A0E57FC27A666BD00EFC59B /* testProjUITests */ = {
			isa = PBXNativeTarget;
			buildConfigurationList = 5A0E580D27A666BD00EFC59B /* Build configuration list for PBXNativeTarget "testProjUITests" */;
			buildPhases = (
				5A0E57F927A666BD00EFC59B /* Sources */,
				5A0E57FA27A666BD00EFC59B /* Frameworks */,
				5A0E57FB27A666BD00EFC59B /* Resources */,
			);
			buildRules = (
			);
			dependencies = (
				5A0E57FF27A666BD00EFC59B /* PBXTargetDependency */,
			);
			name = testProjUITests;
			productName = testProjUITests;
			productReference = 5A0E57FD27A666BD00EFC59B /* testProjUITests.xctest */;
			productType = "com.apple.product-type.bundle.ui-testing";
		};
/* End PBXNativeTarget section */

/* Begin PBXProject section */
		5A0E57D527A666BA00EFC59B /* Project object */ = {
			isa = PBXProject;
			attributes = {
				BuildIndependentTargetsInParallel = 1;
				LastSwiftUpdateCheck = 1320;
				LastUpgradeCheck = 1320;
				TargetAttributes = {
					5A0E57DC27A666BA00EFC59B = {
						CreatedOnToolsVersion = 13.2.1;
					};
					5A0E57F227A666BD00EFC59B = {
						CreatedOnToolsVersion = 13.2.1;
						TestTargetID = 5A0E57DC27A666BA00EFC59B;
					};
					5A0E57FC27A666BD00EFC59B = {
						CreatedOnToolsVersion = 13.2.1;
						TestTargetID = 5A0E57DC27A666BA00EFC59B;
					};
				};
			};
			buildConfigurationList = 5A0E57D827A666BA00EFC59B /* Build configuration list for PBXProject "testProj" */;
			compatibilityVersion = "Xcode 13.0";
			developmentRegion = en;
			hasScannedForEncodings = 0;
			knownRegions = (
				en,
				Base,
			);
			mainGroup = 5A0E57D427A666BA00EFC59B;
			productRefGroup = 5A0E57DE27A666BA00EFC59B /* Products */;
			projectDirPath = "";
			projectRoot = "";
			targets = (
				5A0E57DC27A666BA00EFC59B /* testProj */,
				5A0E57F227A666BD00EFC59B /* testProjTests */,
				5A0E57FC27A666BD00EFC59B /* testProjUITests */,
			);
		};
/* End PBXProject section */

/* Begin PBXResourcesBuildPhase section */
		5A0E57DB27A666BA00EFC59B /* Resources */ = {
			isa = PBXResourcesBuildPhase;
			buildActionMask = 2147483647;
			files = (
				5A0E57ED27A666BD00EFC59B /* LaunchScreen.storyboard in Resources */,
				5A0E57EA27A666BD00EFC59B /* Assets.xcassets in Resources */,
				5A0E57E827A666BA00EFC59B /* Main.storyboard in Resources */,
			);
			runOnlyForDeploymentPostprocessing = 0;
		};
		5A0E57F127A666BD00EFC59B /* Resources */ = {
			isa = PBXResourcesBuildPhase;
			buildActionMask = 2147483647;
			files = (
			);
			runOnlyForDeploymentPostprocessing = 0;
		};
		5A0E57FB27A666BD00EFC59B /* Resources */ = {
			isa = PBXResourcesBuildPhase;
			buildActionMask = 2147483647;
			files = (
			);
			runOnlyForDeploymentPostprocessing = 0;
		};
/* End PBXResourcesBuildPhase section */

/* Begin PBXSourcesBuildPhase section */
		5A0E57D927A666BA00EFC59B /* Sources */ = {
			isa = PBXSourcesBuildPhase;
			buildActionMask = 2147483647;
			files = (
				5A0E57E527A666BA00EFC59B /* ViewController.swift in Sources */,
				5A0E57E127A666BA00EFC59B /* AppDelegate.swift in Sources */,
				5A0E57E327A666BA00EFC59B /* SceneDelegate.swift in Sources */,
			);
			runOnlyForDeploymentPostprocessing = 0;
		};
		5A0E57EF27A666BD00EFC59B /* Sources */ = {
			isa = PBXSourcesBuildPhase;
			buildActionMask = 2147483647;
			files = (
				5A0E57F827A666BD00EFC59B /* testProjTests.swift in Sources */,
			);
			runOnlyForDeploymentPostprocessing = 0;
		};
		5A0E57F927A666BD00EFC59B /* Sources */ = {
			isa = PBXSourcesBuildPhase;
			buildActionMask = 2147483647;
			files = (
				5A0E580427A666BD00EFC59B /* testProjUITestsLaunchTests.swift in Sources */,
				5A0E580227A666BD00EFC59B /* testProjUITests.swift in Sources */,
			);
			runOnlyForDeploymentPostprocessing = 0;
		};
/* End PBXSourcesBuildPhase section */

/* Begin PBXTargetDependency section */
		5A0E57F527A666BD00EFC59B /* PBXTargetDependency */ = {
			isa = PBXTargetDependency;
			target = 5A0E57DC27A666BA00EFC59B /* testProj */;
			targetProxy = 5A0E57F427A666BD00EFC59B /* PBXContainerItemProxy */;
		};
		5A0E57FF27A666BD00EFC59B /* PBXTargetDependency */ = {
			isa = PBXTargetDependency;
			target = 5A0E57DC27A666BA00EFC59B /* testProj */;
			targetProxy = 5A0E57FE27A666BD00EFC59B /* PBXContainerItemProxy */;
		};
/* End PBXTargetDependency section */

/* Begin PBXVariantGroup section */
		5A0E57E627A666BA00EFC59B /* Main.storyboard */ = {
			isa = PBXVariantGroup;
			children = (
				5A0E57E727A666BA00EFC59B /* Base */,
			);
			name = Main.storyboard;
			sourceTree = "<group>";
		};
		5A0E57EB27A666BD00EFC59B /* LaunchScreen.storyboard */ = {
			isa = PBXVariantGroup;
			children = (
				5A0E57EC27A666BD00EFC59B /* Base */,
			);
			name = LaunchScreen.storyboard;
			sourceTree = "<group>";
		};
/* End PBXVariantGroup section */

/* Begin XCBuildConfiguration section */
		5A0E580527A666BD00EFC59B /* Debug */ = {
			isa = XCBuildConfiguration;
			buildSettings = {
				ALWAYS_SEARCH_USER_PATHS = NO;
				CLANG_ANALYZER_NONNULL = YES;
				CLANG_ANALYZER_NUMBER_OBJECT_CONVERSION = YES_AGGRESSIVE;
				CLANG_CXX_LANGUAGE_STANDARD = "gnu++17";
				CLANG_CXX_LIBRARY = "libc++";
				CLANG_ENABLE_MODULES = YES;
				CLANG_ENABLE_OBJC_ARC = YES;
				CLANG_ENABLE_OBJC_WEAK = YES;
				CLANG_WARN_BLOCK_CAPTURE_AUTORELEASING = YES;
				CLANG_WARN_BOOL_CONVERSION = YES;
				CLANG_WARN_COMMA = YES;
				CLANG_WARN_CONSTANT_CONVERSION = YES;
				CLANG_WARN_DEPRECATED_OBJC_IMPLEMENTATIONS = YES;
				CLANG_WARN_DIRECT_OBJC_ISA_USAGE = YES_ERROR;
				CLANG_WARN_DOCUMENTATION_COMMENTS = YES;
				CLANG_WARN_EMPTY_BODY = YES;
				CLANG_WARN_ENUM_CONVERSION = YES;
				CLANG_WARN_INFINITE_RECURSION = YES;
				CLANG_WARN_INT_CONVERSION = YES;
				CLANG_WARN_NON_LITERAL_NULL_CONVERSION = YES;
				CLANG_WARN_OBJC_IMPLICIT_RETAIN_SELF = YES;
				CLANG_WARN_OBJC_LITERAL_CONVERSION = YES;
				CLANG_WARN_OBJC_ROOT_CLASS = YES_ERROR;
				CLANG_WARN_QUOTED_INCLUDE_IN_FRAMEWORK_HEADER = YES;
				CLANG_WARN_RANGE_LOOP_ANALYSIS = YES;
				CLANG_WARN_STRICT_PROTOTYPES = YES;
				CLANG_WARN_SUSPICIOUS_MOVE = YES;
				CLANG_WARN_UNGUARDED_AVAILABILITY = YES_AGGRESSIVE;
				CLANG_WARN_UNREACHABLE_CODE = YES;
				CLANG_WARN__DUPLICATE_METHOD_MATCH = YES;
				COPY_PHASE_STRIP = NO;
				DEBUG_INFORMATION_FORMAT = dwarf;
				ENABLE_STRICT_OBJC_MSGSEND = YES;
				ENABLE_TESTABILITY = YES;
				GCC_C_LANGUAGE_STANDARD = gnu11;
				GCC_DYNAMIC_NO_PIC = NO;
				GCC_NO_COMMON_BLOCKS = YES;
				GCC_OPTIMIZATION_LEVEL = 0;
				GCC_PREPROCESSOR_DEFINITIONS = (
					"DEBUG=1",
					"$(inherited)",
				);
				GCC_WARN_64_TO_32_BIT_CONVERSION = YES;
				GCC_WARN_ABOUT_RETURN_TYPE = YES_ERROR;
				GCC_WARN_UNDECLARED_SELECTOR = YES;
				GCC_WARN_UNINITIALIZED_AUTOS = YES_AGGRESSIVE;
				GCC_WARN_UNUSED_FUNCTION = YES;
				GCC_WARN_UNUSED_VARIABLE = YES;
				IPHONEOS_DEPLOYMENT_TARGET = 15.2;
				MTL_ENABLE_DEBUG_INFO = INCLUDE_SOURCE;
				MTL_FAST_MATH = YES;
				ONLY_ACTIVE_ARCH = YES;
				SDKROOT = iphoneos;
				SWIFT_ACTIVE_COMPILATION_CONDITIONS = DEBUG;
				SWIFT_OPTIMIZATION_LEVEL = "-Onone";
			};
			name = Debug;
		};
		5A0E580627A666BD00EFC59B /* Release */ = {
			isa = XCBuildConfiguration;
			buildSettings = {
				ALWAYS_SEARCH_USER_PATHS = NO;
				CLANG_ANALYZER_NONNULL = YES;
				CLANG_ANALYZER_NUMBER_OBJECT_CONVERSION = YES_AGGRESSIVE;
				CLANG_CXX_LANGUAGE_STANDARD = "gnu++17";
				CLANG_CXX_LIBRARY = "libc++";
				CLANG_ENABLE_MODULES = YES;
				CLANG_ENABLE_OBJC_ARC = YES;
				CLANG_ENABLE_OBJC_WEAK = YES;
				CLANG_WARN_BLOCK_CAPTURE_AUTORELEASING = YES;
				CLANG_WARN_BOOL_CONVERSION = YES;
				CLANG_WARN_COMMA = YES;
				CLANG_WARN_CONSTANT_CONVERSION = YES;
				CLANG_WARN_DEPRECATED_OBJC_IMPLEMENTATIONS = YES;
				CLANG_WARN_DIRECT_OBJC_ISA_USAGE = YES_ERROR;
				CLANG_WARN_DOCUMENTATION_COMMENTS = YES;
				CLANG_WARN_EMPTY_BODY = YES;
				CLANG_WARN_ENUM_CONVERSION = YES;
				CLANG_WARN_INFINITE_RECURSION = YES;
				CLANG_WARN_INT_CONVERSION = YES;
				CLANG_WARN_NON_LITERAL_NULL_CONVERSION = YES;
				CLANG_WARN_OBJC_IMPLICIT_RETAIN_SELF = YES;
				CLANG_WARN_OBJC_LITERAL_CONVERSION = YES;
				CLANG_WARN_OBJC_ROOT_CLASS = YES_ERROR;
				CLANG_WARN_QUOTED_INCLUDE_IN_FRAMEWORK_HEADER = YES;
				CLANG_WARN_RANGE_LOOP_ANALYSIS = YES;
				CLANG_WARN_STRICT_PROTOTYPES = YES;
				CLANG_WARN_SUSPICIOUS_MOVE = YES;
				CLANG_WARN_UNGUARDED_AVAILABILITY = YES_AGGRESSIVE;
				CLANG_WARN_UNREACHABLE_CODE = YES;
				CLANG_WARN__DUPLICATE_METHOD_MATCH = YES;
				COPY_PHASE_STRIP = NO;
				DEBUG_INFORMATION_FORMAT = "dwarf-with-dsym";
				ENABLE_NS_ASSERTIONS = NO;
				ENABLE_STRICT_OBJC_MSGSEND = YES;
				GCC_C_LANGUAGE_STANDARD = gnu11;
				GCC_NO_COMMON_BLOCKS = YES;
				GCC_WARN_64_TO_32_BIT_CONVERSION = YES;
				GCC_WARN_ABOUT_RETURN_TYPE = YES_ERROR;
				GCC_WARN_UNDECLARED_SELECTOR = YES;
				GCC_WARN_UNINITIALIZED_AUTOS = YES_AGGRESSIVE;
				GCC_WARN_UNUSED_FUNCTION = YES;
				GCC_WARN_UNUSED_VARIABLE = YES;
				IPHONEOS_DEPLOYMENT_TARGET = 15.2;
				MTL_ENABLE_DEBUG_INFO = NO;
				MTL_FAST_MATH = YES;
				SDKROOT = iphoneos;
				SWIFT_COMPILATION_MODE = wholemodule;
				SWIFT_OPTIMIZATION_LEVEL = "-O";
				VALIDATE_PRODUCT = YES;
			};
			name = Release;
		};
		5A0E580827A666BD00EFC59B /* Debug */ = {
			isa = XCBuildConfiguration;
			buildSettings = {
				ASSETCATALOG_COMPILER_APPICON_NAME = AppIcon;
				ASSETCATALOG_COMPILER_GLOBAL_ACCENT_COLOR_NAME = AccentColor;
				CODE_SIGN_STYLE = Automatic;
				CURRENT_PROJECT_VERSION = 1;
				DEVELOPMENT_TEAM = 8SV798S53Y;
				GENERATE_INFOPLIST_FILE = YES;
				INFOPLIST_FILE = testProj/Info.plist;
				INFOPLIST_KEY_UIApplicationSupportsIndirectInputEvents = YES;
				INFOPLIST_KEY_UILaunchStoryboardName = LaunchScreen;
				INFOPLIST_KEY_UIMainStoryboardFile = Main;
				INFOPLIST_KEY_UISupportedInterfaceOrientations_iPad = "UIInterfaceOrientationPortrait UIInterfaceOrientationPortraitUpsideDown UIInterfaceOrientationLandscapeLeft UIInterfaceOrientationLandscapeRight";
				INFOPLIST_KEY_UISupportedInterfaceOrientations_iPhone = "UIInterfaceOrientationPortrait UIInterfaceOrientationLandscapeLeft UIInterfaceOrientationLandscapeRight";
				LD_RUNPATH_SEARCH_PATHS = (
					"$(inherited)",
					"@executable_path/Frameworks",
				);
				MARKETING_VERSION = 1.0;
				PRODUCT_BUNDLE_IDENTIFIER = Jinapps.testProj;
				PRODUCT_NAME = "$(TARGET_NAME)";
				SWIFT_EMIT_LOC_STRINGS = YES;
				SWIFT_VERSION = 5.0;
				TARGETED_DEVICE_FAMILY = "1,2";
			};
			name = Debug;
		};
		5A0E580927A666BD00EFC59B /* Release */ = {
			isa = XCBuildConfiguration;
			buildSettings = {
				ASSETCATALOG_COMPILER_APPICON_NAME = AppIcon;
				ASSETCATALOG_COMPILER_GLOBAL_ACCENT_COLOR_NAME = AccentColor;
				CODE_SIGN_STYLE = Automatic;
				CURRENT_PROJECT_VERSION = 1;
				DEVELOPMENT_TEAM = 8SV798S53Y;
				GENERATE_INFOPLIST_FILE = YES;
				INFOPLIST_FILE = testProj/Info.plist;
				INFOPLIST_KEY_UIApplicationSupportsIndirectInputEvents = YES;
				INFOPLIST_KEY_UILaunchStoryboardName = LaunchScreen;
				INFOPLIST_KEY_UIMainStoryboardFile = Main;
				INFOPLIST_KEY_UISupportedInterfaceOrientations_iPad = "UIInterfaceOrientationPortrait UIInterfaceOrientationPortraitUpsideDown UIInterfaceOrientationLandscapeLeft UIInterfaceOrientationLandscapeRight";
				INFOPLIST_KEY_UISupportedInterfaceOrientations_iPhone = "UIInterfaceOrientationPortrait UIInterfaceOrientationLandscapeLeft UIInterfaceOrientationLandscapeRight";
				LD_RUNPATH_SEARCH_PATHS = (
					"$(inherited)",
					"@executable_path/Frameworks",
				);
				MARKETING_VERSION = 1.0;
				PRODUCT_BUNDLE_IDENTIFIER = Jinapps.testProj;
				PRODUCT_NAME = "$(TARGET_NAME)";
				SWIFT_EMIT_LOC_STRINGS = YES;
				SWIFT_VERSION = 5.0;
				TARGETED_DEVICE_FAMILY = "1,2";
			};
			name = Release;
		};
		5A0E580B27A666BD00EFC59B /* Debug */ = {
			isa = XCBuildConfiguration;
			buildSettings = {
				ALWAYS_EMBED_SWIFT_STANDARD_LIBRARIES = YES;
				BUNDLE_LOADER = "$(TEST_HOST)";
				CODE_SIGN_STYLE = Automatic;
				CURRENT_PROJECT_VERSION = 1;
				DEVELOPMENT_TEAM = 8SV798S53Y;
				GENERATE_INFOPLIST_FILE = YES;
				IPHONEOS_DEPLOYMENT_TARGET = 15.2;
				MARKETING_VERSION = 1.0;
				PRODUCT_BUNDLE_IDENTIFIER = Jinapps.testProjTests;
				PRODUCT_NAME = "$(TARGET_NAME)";
				SWIFT_EMIT_LOC_STRINGS = NO;
				SWIFT_VERSION = 5.0;
				TARGETED_DEVICE_FAMILY = "1,2";
				TEST_HOST = "$(BUILT_PRODUCTS_DIR)/testProj.app/testProj";
			};
			name = Debug;
		};
		5A0E580C27A666BD00EFC59B /* Release */ = {
			isa = XCBuildConfiguration;
			buildSettings = {
				ALWAYS_EMBED_SWIFT_STANDARD_LIBRARIES = YES;
				BUNDLE_LOADER = "$(TEST_HOST)";
				CODE_SIGN_STYLE = Automatic;
				CURRENT_PROJECT_VERSION = 1;
				DEVELOPMENT_TEAM = 8SV798S53Y;
				GENERATE_INFOPLIST_FILE = YES;
				IPHONEOS_DEPLOYMENT_TARGET = 15.2;
				MARKETING_VERSION = 1.0;
				PRODUCT_BUNDLE_IDENTIFIER = Jinapps.testProjTests;
				PRODUCT_NAME = "$(TARGET_NAME)";
				SWIFT_EMIT_LOC_STRINGS = NO;
				SWIFT_VERSION = 5.0;
				TARGETED_DEVICE_FAMILY = "1,2";
				TEST_HOST = "$(BUILT_PRODUCTS_DIR)/testProj.app/testProj";
			};
			name = Release;
		};
		5A0E580E27A666BD00EFC59B /* Debug */ = {
			isa = XCBuildConfiguration;
			buildSettings = {
				ALWAYS_EMBED_SWIFT_STANDARD_LIBRARIES = YES;
				CODE_SIGN_STYLE = Automatic;
				CURRENT_PROJECT_VERSION = 1;
				DEVELOPMENT_TEAM = 8SV798S53Y;
				GENERATE_INFOPLIST_FILE = YES;
				MARKETING_VERSION = 1.0;
				PRODUCT_BUNDLE_IDENTIFIER = Jinapps.testProjUITests;
				PRODUCT_NAME = "$(TARGET_NAME)";
				SWIFT_EMIT_LOC_STRINGS = NO;
				SWIFT_VERSION = 5.0;
				TARGETED_DEVICE_FAMILY = "1,2";
				TEST_TARGET_NAME = testProj;
			};
			name = Debug;
		};
		5A0E580F27A666BD00EFC59B /* Release */ = {
			isa = XCBuildConfiguration;
			buildSettings = {
				ALWAYS_EMBED_SWIFT_STANDARD_LIBRARIES = YES;
				CODE_SIGN_STYLE = Automatic;
				CURRENT_PROJECT_VERSION = 1;
				DEVELOPMENT_TEAM = 8SV798S53Y;
				GENERATE_INFOPLIST_FILE = YES;
				MARKETING_VERSION = 1.0;
				PRODUCT_BUNDLE_IDENTIFIER = Jinapps.testProjUITests;
				PRODUCT_NAME = "$(TARGET_NAME)";
				SWIFT_EMIT_LOC_STRINGS = NO;
				SWIFT_VERSION = 5.0;
				TARGETED_DEVICE_FAMILY = "1,2";
				TEST_TARGET_NAME = testProj;
			};
			name = Release;
		};
/* End XCBuildConfiguration section */

/* Begin XCConfigurationList section */
		5A0E57D827A666BA00EFC59B /* Build configuration list for PBXProject "testProj" */ = {
			isa = XCConfigurationList;
			buildConfigurations = (
				5A0E580527A666BD00EFC59B /* Debug */,
				5A0E580627A666BD00EFC59B /* Release */,
			);
			defaultConfigurationIsVisible = 0;
			defaultConfigurationName = Release;
		};
		5A0E580727A666BD00EFC59B /* Build configuration list for PBXNativeTarget "testProj" */ = {
			isa = XCConfigurationList;
			buildConfigurations = (
				5A0E580827A666BD00EFC59B /* Debug */,
				5A0E580927A666BD00EFC59B /* Release */,
			);
			defaultConfigurationIsVisible = 0;
			defaultConfigurationName = Release;
		};
		5A0E580A27A666BD00EFC59B /* Build configuration list for PBXNativeTarget "testProjTests" */ = {
			isa = XCConfigurationList;
			buildConfigurations = (
				5A0E580B27A666BD00EFC59B /* Debug */,
				5A0E580C27A666BD00EFC59B /* Release */,
			);
			defaultConfigurationIsVisible = 0;
			defaultConfigurationName = Release;
		};
		5A0E580D27A666BD00EFC59B /* Build configuration list for PBXNativeTarget "testProjUITests" */ = {
			isa = XCConfigurationList;
			buildConfigurations = (
				5A0E580E27A666BD00EFC59B /* Debug */,
				5A0E580F27A666BD00EFC59B /* Release */,
			);
			defaultConfigurationIsVisible = 0;
			defaultConfigurationName = Release;
		};
/* End XCConfigurationList section */
	};
	rootObject = 5A0E57D527A666BA00EFC59B /* Project object */;
}
